<?xml version="1.0" encoding="UTF-8" standalone="yes" ?>
<CodeBlocks_project_file>
	<FileVersion major="1" minor="6" />
	<Project>
		<Option title="juce" />
		<Option pch_mode="2" />
		<Option compiler="gcc" />
		<Build>
			<Target title="Debug">
				<Option output="bin/Debug/libjuce" prefix_auto="1" extension_auto="1" />
				<Option working_dir="" />
				<Option object_output="obj/Debug/" />
				<Option type="2" />
				<Option compiler="gcc" />
				<Option createDefFile="1" />
				<Compiler>
					<Add option="-g" />
				</Compiler>
			</Target>
			<Target title="Release">
				<Option output="bin/Release/libjuce" prefix_auto="1" extension_auto="1" />
				<Option working_dir="" />
				<Option object_output="obj/Release/" />
				<Option type="2" />
				<Option compiler="gcc" />
				<Option createDefFile="1" />
				<Compiler>
					<Add option="-fexpensive-optimizations" />
					<Add option="-Os" />
					<Add option="-O3" />
					<Add option="-O2" />
					<Add option="-O1" />
					<Add option="-O" />
				</Compiler>
				<Linker>
					<Add option="-s" />
				</Linker>
			</Target>
		</Build>
		<Compiler>
			<Add option="-march=i486" />
			<Add directory="/usr/include/freetype2" />
		</Compiler>
		<Unit filename="juce.h" />
		<Unit filename="juce_Config.h" />
		<Unit filename="src/application/juce_Application.cpp" />
		<Unit filename="src/application/juce_Application.h" />
		<Unit filename="src/application/juce_ApplicationCommandID.h" />
		<Unit filename="src/application/juce_ApplicationCommandInfo.cpp" />
		<Unit filename="src/application/juce_ApplicationCommandInfo.h" />
		<Unit filename="src/application/juce_ApplicationCommandManager.cpp" />
		<Unit filename="src/application/juce_ApplicationCommandManager.h" />
		<Unit filename="src/application/juce_ApplicationCommandTarget.cpp" />
		<Unit filename="src/application/juce_ApplicationCommandTarget.h" />
		<Unit filename="src/application/juce_ApplicationProperties.cpp" />
		<Unit filename="src/application/juce_ApplicationProperties.h" />
		<Unit filename="src/audio/audio_file_formats/flac/all.h" />
		<Unit filename="src/audio/audio_file_formats/flac/alloc.h" />
		<Unit filename="src/audio/audio_file_formats/flac/assert.h" />
		<Unit filename="src/audio/audio_file_formats/flac/callback.h" />
		<Unit filename="src/audio/audio_file_formats/flac/export.h" />
		<Unit filename="src/audio/audio_file_formats/flac/format.h" />
		<Unit filename="src/audio/audio_file_formats/flac/libFLAC/bitmath.c">
			<Option compilerVar="CC" />
		</Unit>
		<Unit filename="src/audio/audio_file_formats/flac/libFLAC/bitreader.c">
			<Option compilerVar="CC" />
		</Unit>
		<Unit filename="src/audio/audio_file_formats/flac/libFLAC/bitwriter.c">
			<Option compilerVar="CC" />
		</Unit>
		<Unit filename="src/audio/audio_file_formats/flac/libFLAC/cpu.c">
			<Option compilerVar="CC" />
		</Unit>
		<Unit filename="src/audio/audio_file_formats/flac/libFLAC/crc.c">
			<Option compilerVar="CC" />
		</Unit>
		<Unit filename="src/audio/audio_file_formats/flac/libFLAC/fixed.c">
			<Option compilerVar="CC" />
		</Unit>
		<Unit filename="src/audio/audio_file_formats/flac/libFLAC/float.c">
			<Option compilerVar="CC" />
		</Unit>
		<Unit filename="src/audio/audio_file_formats/flac/libFLAC/format.c">
			<Option compilerVar="CC" />
		</Unit>
		<Unit filename="src/audio/audio_file_formats/flac/libFLAC/include/private/all.h" />
		<Unit filename="src/audio/audio_file_formats/flac/libFLAC/include/private/bitmath.h" />
		<Unit filename="src/audio/audio_file_formats/flac/libFLAC/include/private/bitreader.h" />
		<Unit filename="src/audio/audio_file_formats/flac/libFLAC/include/private/bitwriter.h" />
		<Unit filename="src/audio/audio_file_formats/flac/libFLAC/include/private/cpu.h" />
		<Unit filename="src/audio/audio_file_formats/flac/libFLAC/include/private/crc.h" />
		<Unit filename="src/audio/audio_file_formats/flac/libFLAC/include/private/fixed.h" />
		<Unit filename="src/audio/audio_file_formats/flac/libFLAC/include/private/float.h" />
		<Unit filename="src/audio/audio_file_formats/flac/libFLAC/include/private/format.h" />
		<Unit filename="src/audio/audio_file_formats/flac/libFLAC/include/private/lpc.h" />
		<Unit filename="src/audio/audio_file_formats/flac/libFLAC/include/private/md5.h" />
		<Unit filename="src/audio/audio_file_formats/flac/libFLAC/include/private/memory.h" />
		<Unit filename="src/audio/audio_file_formats/flac/libFLAC/include/private/metadata.h" />
		<Unit filename="src/audio/audio_file_formats/flac/libFLAC/include/private/stream_encoder_framing.h" />
		<Unit filename="src/audio/audio_file_formats/flac/libFLAC/include/private/window.h" />
		<Unit filename="src/audio/audio_file_formats/flac/libFLAC/include/protected/all.h" />
		<Unit filename="src/audio/audio_file_formats/flac/libFLAC/include/protected/stream_decoder.h" />
		<Unit filename="src/audio/audio_file_formats/flac/libFLAC/include/protected/stream_encoder.h" />
		<Unit filename="src/audio/audio_file_formats/flac/libFLAC/juce_FlacHeader.h" />
		<Unit filename="src/audio/audio_file_formats/flac/libFLAC/lpc_flac.c">
			<Option compilerVar="CC" />
		</Unit>
		<Unit filename="src/audio/audio_file_formats/flac/libFLAC/md5.c">
			<Option compilerVar="CC" />
		</Unit>
		<Unit filename="src/audio/audio_file_formats/flac/libFLAC/memory.c">
			<Option compilerVar="CC" />
		</Unit>
		<Unit filename="src/audio/audio_file_formats/flac/libFLAC/stream_decoder.c">
			<Option compilerVar="CC" />
		</Unit>
		<Unit filename="src/audio/audio_file_formats/flac/libFLAC/stream_encoder.c">
			<Option compilerVar="CC" />
		</Unit>
		<Unit filename="src/audio/audio_file_formats/flac/libFLAC/stream_encoder_framing.c">
			<Option compilerVar="CC" />
		</Unit>
		<Unit filename="src/audio/audio_file_formats/flac/libFLAC/window_flac.c">
			<Option compilerVar="CC" />
		</Unit>
		<Unit filename="src/audio/audio_file_formats/flac/metadata.h" />
		<Unit filename="src/audio/audio_file_formats/flac/ordinals.h" />
		<Unit filename="src/audio/audio_file_formats/flac/stream_decoder.h" />
		<Unit filename="src/audio/audio_file_formats/flac/stream_encoder.h" />
		<Unit filename="src/audio/audio_file_formats/juce_AiffAudioFormat.cpp" />
		<Unit filename="src/audio/audio_file_formats/juce_AiffAudioFormat.h" />
		<Unit filename="src/audio/audio_file_formats/juce_AudioCDBurner.h" />
		<Unit filename="src/audio/audio_file_formats/juce_AudioCDReader.cpp" />
		<Unit filename="src/audio/audio_file_formats/juce_AudioCDReader.h" />
		<Unit filename="src/audio/audio_file_formats/juce_AudioFormat.cpp" />
		<Unit filename="src/audio/audio_file_formats/juce_AudioFormat.h" />
		<Unit filename="src/audio/audio_file_formats/juce_AudioFormatManager.cpp" />
		<Unit filename="src/audio/audio_file_formats/juce_AudioFormatManager.h" />
		<Unit filename="src/audio/audio_file_formats/juce_AudioFormatReader.cpp" />
		<Unit filename="src/audio/audio_file_formats/juce_AudioFormatReader.h" />
		<Unit filename="src/audio/audio_file_formats/juce_AudioFormatWriter.cpp" />
		<Unit filename="src/audio/audio_file_formats/juce_AudioFormatWriter.h" />
		<Unit filename="src/audio/audio_file_formats/juce_AudioSubsectionReader.cpp" />
		<Unit filename="src/audio/audio_file_formats/juce_AudioSubsectionReader.h" />
		<Unit filename="src/audio/audio_file_formats/juce_AudioThumbnail.cpp" />
		<Unit filename="src/audio/audio_file_formats/juce_AudioThumbnail.h" />
		<Unit filename="src/audio/audio_file_formats/juce_AudioThumbnailCache.cpp" />
		<Unit filename="src/audio/audio_file_formats/juce_AudioThumbnailCache.h" />
		<Unit filename="src/audio/audio_file_formats/juce_FlacAudioFormat.cpp" />
		<Unit filename="src/audio/audio_file_formats/juce_FlacAudioFormat.h" />
		<Unit filename="src/audio/audio_file_formats/juce_OggVorbisAudioFormat.cpp" />
		<Unit filename="src/audio/audio_file_formats/juce_OggVorbisAudioFormat.h" />
		<Unit filename="src/audio/audio_file_formats/juce_QuickTimeAudioFormat.cpp" />
		<Unit filename="src/audio/audio_file_formats/juce_QuickTimeAudioFormat.h" />
		<Unit filename="src/audio/audio_file_formats/juce_WavAudioFormat.cpp" />
		<Unit filename="src/audio/audio_file_formats/juce_WavAudioFormat.h" />
		<Unit filename="src/audio/audio_file_formats/oggvorbis/bitwise.c">
			<Option compilerVar="CC" />
		</Unit>
		<Unit filename="src/audio/audio_file_formats/oggvorbis/codec.h" />
		<Unit filename="src/audio/audio_file_formats/oggvorbis/config_types.h" />
		<Unit filename="src/audio/audio_file_formats/oggvorbis/framing.c">
			<Option compilerVar="CC" />
		</Unit>
		<Unit filename="src/audio/audio_file_formats/oggvorbis/juce_OggVorbisHeader.h" />
		<Unit filename="src/audio/audio_file_formats/oggvorbis/libvorbis-1.1.2/lib/analysis.c">
			<Option compilerVar="CC" />
		</Unit>
		<Unit filename="src/audio/audio_file_formats/oggvorbis/libvorbis-1.1.2/lib/backends.h" />
		<Unit filename="src/audio/audio_file_formats/oggvorbis/libvorbis-1.1.2/lib/bitrate.c">
			<Option compilerVar="CC" />
		</Unit>
		<Unit filename="src/audio/audio_file_formats/oggvorbis/libvorbis-1.1.2/lib/bitrate.h" />
		<Unit filename="src/audio/audio_file_formats/oggvorbis/libvorbis-1.1.2/lib/block.c">
			<Option compilerVar="CC" />
		</Unit>
		<Unit filename="src/audio/audio_file_formats/oggvorbis/libvorbis-1.1.2/lib/books/coupled/res_books_stereo.h" />
		<Unit filename="src/audio/audio_file_formats/oggvorbis/libvorbis-1.1.2/lib/books/floor/floor_books.h" />
		<Unit filename="src/audio/audio_file_formats/oggvorbis/libvorbis-1.1.2/lib/books/uncoupled/res_books_uncoupled.h" />
		<Unit filename="src/audio/audio_file_formats/oggvorbis/libvorbis-1.1.2/lib/codebook.c">
			<Option compilerVar="CC" />
		</Unit>
		<Unit filename="src/audio/audio_file_formats/oggvorbis/libvorbis-1.1.2/lib/codebook.h" />
		<Unit filename="src/audio/audio_file_formats/oggvorbis/libvorbis-1.1.2/lib/codec_internal.h" />
		<Unit filename="src/audio/audio_file_formats/oggvorbis/libvorbis-1.1.2/lib/envelope.c">
			<Option compilerVar="CC" />
		</Unit>
		<Unit filename="src/audio/audio_file_formats/oggvorbis/libvorbis-1.1.2/lib/envelope.h" />
		<Unit filename="src/audio/audio_file_formats/oggvorbis/libvorbis-1.1.2/lib/floor0.c">
			<Option compilerVar="CC" />
		</Unit>
		<Unit filename="src/audio/audio_file_formats/oggvorbis/libvorbis-1.1.2/lib/floor1.c">
			<Option compilerVar="CC" />
		</Unit>
		<Unit filename="src/audio/audio_file_formats/oggvorbis/libvorbis-1.1.2/lib/highlevel.h" />
		<Unit filename="src/audio/audio_file_formats/oggvorbis/libvorbis-1.1.2/lib/info.c">
			<Option compilerVar="CC" />
		</Unit>
		<Unit filename="src/audio/audio_file_formats/oggvorbis/libvorbis-1.1.2/lib/lookup.c">
			<Option compilerVar="CC" />
		</Unit>
		<Unit filename="src/audio/audio_file_formats/oggvorbis/libvorbis-1.1.2/lib/lookup.h" />
		<Unit filename="src/audio/audio_file_formats/oggvorbis/libvorbis-1.1.2/lib/lookup_data.h" />
		<Unit filename="src/audio/audio_file_formats/oggvorbis/libvorbis-1.1.2/lib/lpc.c">
			<Option compilerVar="CC" />
		</Unit>
		<Unit filename="src/audio/audio_file_formats/oggvorbis/libvorbis-1.1.2/lib/lpc.h" />
		<Unit filename="src/audio/audio_file_formats/oggvorbis/libvorbis-1.1.2/lib/lsp.c">
			<Option compilerVar="CC" />
		</Unit>
		<Unit filename="src/audio/audio_file_formats/oggvorbis/libvorbis-1.1.2/lib/lsp.h" />
		<Unit filename="src/audio/audio_file_formats/oggvorbis/libvorbis-1.1.2/lib/mapping0.c">
			<Option compilerVar="CC" />
		</Unit>
		<Unit filename="src/audio/audio_file_formats/oggvorbis/libvorbis-1.1.2/lib/masking.h" />
		<Unit filename="src/audio/audio_file_formats/oggvorbis/libvorbis-1.1.2/lib/mdct.c">
			<Option compilerVar="CC" />
		</Unit>
		<Unit filename="src/audio/audio_file_formats/oggvorbis/libvorbis-1.1.2/lib/mdct.h" />
		<Unit filename="src/audio/audio_file_formats/oggvorbis/libvorbis-1.1.2/lib/misc.h" />
		<Unit filename="src/audio/audio_file_formats/oggvorbis/libvorbis-1.1.2/lib/modes/floor_all.h" />
		<Unit filename="src/audio/audio_file_formats/oggvorbis/libvorbis-1.1.2/lib/modes/psych_11.h" />
		<Unit filename="src/audio/audio_file_formats/oggvorbis/libvorbis-1.1.2/lib/modes/psych_16.h" />
		<Unit filename="src/audio/audio_file_formats/oggvorbis/libvorbis-1.1.2/lib/modes/psych_44.h" />
		<Unit filename="src/audio/audio_file_formats/oggvorbis/libvorbis-1.1.2/lib/modes/psych_8.h" />
		<Unit filename="src/audio/audio_file_formats/oggvorbis/libvorbis-1.1.2/lib/modes/residue_16.h" />
		<Unit filename="src/audio/audio_file_formats/oggvorbis/libvorbis-1.1.2/lib/modes/residue_44.h" />
		<Unit filename="src/audio/audio_file_formats/oggvorbis/libvorbis-1.1.2/lib/modes/residue_44u.h" />
		<Unit filename="src/audio/audio_file_formats/oggvorbis/libvorbis-1.1.2/lib/modes/residue_8.h" />
		<Unit filename="src/audio/audio_file_formats/oggvorbis/libvorbis-1.1.2/lib/modes/setup_11.h" />
		<Unit filename="src/audio/audio_file_formats/oggvorbis/libvorbis-1.1.2/lib/modes/setup_16.h" />
		<Unit filename="src/audio/audio_file_formats/oggvorbis/libvorbis-1.1.2/lib/modes/setup_22.h" />
		<Unit filename="src/audio/audio_file_formats/oggvorbis/libvorbis-1.1.2/lib/modes/setup_32.h" />
		<Unit filename="src/audio/audio_file_formats/oggvorbis/libvorbis-1.1.2/lib/modes/setup_44.h" />
		<Unit filename="src/audio/audio_file_formats/oggvorbis/libvorbis-1.1.2/lib/modes/setup_44u.h" />
		<Unit filename="src/audio/audio_file_formats/oggvorbis/libvorbis-1.1.2/lib/modes/setup_8.h" />
		<Unit filename="src/audio/audio_file_formats/oggvorbis/libvorbis-1.1.2/lib/modes/setup_X.h" />
		<Unit filename="src/audio/audio_file_formats/oggvorbis/libvorbis-1.1.2/lib/os.h" />
		<Unit filename="src/audio/audio_file_formats/oggvorbis/libvorbis-1.1.2/lib/psy.c">
			<Option compilerVar="CC" />
		</Unit>
		<Unit filename="src/audio/audio_file_formats/oggvorbis/libvorbis-1.1.2/lib/psy.h" />
		<Unit filename="src/audio/audio_file_formats/oggvorbis/libvorbis-1.1.2/lib/registry.c">
			<Option compilerVar="CC" />
		</Unit>
		<Unit filename="src/audio/audio_file_formats/oggvorbis/libvorbis-1.1.2/lib/registry.h" />
		<Unit filename="src/audio/audio_file_formats/oggvorbis/libvorbis-1.1.2/lib/res0.c">
			<Option compilerVar="CC" />
		</Unit>
		<Unit filename="src/audio/audio_file_formats/oggvorbis/libvorbis-1.1.2/lib/scales.h" />
		<Unit filename="src/audio/audio_file_formats/oggvorbis/libvorbis-1.1.2/lib/sharedbook.c">
			<Option compilerVar="CC" />
		</Unit>
		<Unit filename="src/audio/audio_file_formats/oggvorbis/libvorbis-1.1.2/lib/smallft.c">
			<Option compilerVar="CC" />
		</Unit>
		<Unit filename="src/audio/audio_file_formats/oggvorbis/libvorbis-1.1.2/lib/smallft.h" />
		<Unit filename="src/audio/audio_file_formats/oggvorbis/libvorbis-1.1.2/lib/synthesis.c">
			<Option compilerVar="CC" />
		</Unit>
		<Unit filename="src/audio/audio_file_formats/oggvorbis/libvorbis-1.1.2/lib/vorbisenc.c">
			<Option compilerVar="CC" />
		</Unit>
		<Unit filename="src/audio/audio_file_formats/oggvorbis/libvorbis-1.1.2/lib/vorbisfile.c">
			<Option compilerVar="CC" />
		</Unit>
		<Unit filename="src/audio/audio_file_formats/oggvorbis/libvorbis-1.1.2/lib/window.c">
			<Option compilerVar="CC" />
		</Unit>
		<Unit filename="src/audio/audio_file_formats/oggvorbis/libvorbis-1.1.2/lib/window.h" />
		<Unit filename="src/audio/audio_file_formats/oggvorbis/ogg.h" />
		<Unit filename="src/audio/audio_file_formats/oggvorbis/os_types.h" />
		<Unit filename="src/audio/audio_file_formats/oggvorbis/vorbisenc.h" />
		<Unit filename="src/audio/audio_file_formats/oggvorbis/vorbisfile.h" />
		<Unit filename="src/audio/audio_sources/juce_AudioFormatReaderSource.cpp" />
		<Unit filename="src/audio/audio_sources/juce_AudioFormatReaderSource.h" />
		<Unit filename="src/audio/audio_sources/juce_AudioSource.h" />
		<Unit filename="src/audio/audio_sources/juce_AudioSourcePlayer.cpp" />
		<Unit filename="src/audio/audio_sources/juce_AudioSourcePlayer.h" />
		<Unit filename="src/audio/audio_sources/juce_AudioTransportSource.cpp" />
		<Unit filename="src/audio/audio_sources/juce_AudioTransportSource.h" />
		<Unit filename="src/audio/audio_sources/juce_BufferingAudioSource.cpp" />
		<Unit filename="src/audio/audio_sources/juce_BufferingAudioSource.h" />
		<Unit filename="src/audio/audio_sources/juce_ChannelRemappingAudioSource.cpp" />
		<Unit filename="src/audio/audio_sources/juce_ChannelRemappingAudioSource.h" />
		<Unit filename="src/audio/audio_sources/juce_IIRFilterAudioSource.cpp" />
		<Unit filename="src/audio/audio_sources/juce_IIRFilterAudioSource.h" />
		<Unit filename="src/audio/audio_sources/juce_MixerAudioSource.cpp" />
		<Unit filename="src/audio/audio_sources/juce_MixerAudioSource.h" />
		<Unit filename="src/audio/audio_sources/juce_PositionableAudioSource.h" />
		<Unit filename="src/audio/audio_sources/juce_ResamplingAudioSource.cpp" />
		<Unit filename="src/audio/audio_sources/juce_ResamplingAudioSource.h" />
		<Unit filename="src/audio/audio_sources/juce_ToneGeneratorAudioSource.cpp" />
		<Unit filename="src/audio/audio_sources/juce_ToneGeneratorAudioSource.h" />
		<Unit filename="src/audio/devices/juce_AudioDeviceManager.cpp" />
		<Unit filename="src/audio/devices/juce_AudioDeviceManager.h" />
		<Unit filename="src/audio/devices/juce_AudioIODevice.cpp" />
		<Unit filename="src/audio/devices/juce_AudioIODevice.h" />
		<Unit filename="src/audio/devices/juce_AudioIODeviceType.cpp" />
		<Unit filename="src/audio/devices/juce_AudioIODeviceType.h" />
		<Unit filename="src/audio/devices/juce_MidiInput.h" />
		<Unit filename="src/audio/devices/juce_MidiOutput.cpp" />
		<Unit filename="src/audio/devices/juce_MidiOutput.h" />
		<Unit filename="src/audio/dsp/juce_AudioDataConverters.cpp" />
		<Unit filename="src/audio/dsp/juce_AudioDataConverters.h" />
		<Unit filename="src/audio/dsp/juce_AudioSampleBuffer.cpp" />
		<Unit filename="src/audio/dsp/juce_AudioSampleBuffer.h" />
		<Unit filename="src/audio/dsp/juce_Decibels.h" />
		<Unit filename="src/audio/dsp/juce_IIRFilter.cpp" />
		<Unit filename="src/audio/dsp/juce_IIRFilter.h" />
		<Unit filename="src/audio/midi/juce_MidiBuffer.cpp" />
		<Unit filename="src/audio/midi/juce_MidiBuffer.h" />
		<Unit filename="src/audio/midi/juce_MidiFile.cpp" />
		<Unit filename="src/audio/midi/juce_MidiFile.h" />
		<Unit filename="src/audio/midi/juce_MidiKeyboardState.cpp" />
		<Unit filename="src/audio/midi/juce_MidiKeyboardState.h" />
		<Unit filename="src/audio/midi/juce_MidiMessage.cpp" />
		<Unit filename="src/audio/midi/juce_MidiMessage.h" />
		<Unit filename="src/audio/midi/juce_MidiMessageCollector.cpp" />
		<Unit filename="src/audio/midi/juce_MidiMessageCollector.h" />
		<Unit filename="src/audio/midi/juce_MidiMessageSequence.cpp" />
		<Unit filename="src/audio/midi/juce_MidiMessageSequence.h" />
		<Unit filename="src/audio/plugins/formats/juce_AudioUnitPluginFormat.h" />
		<Unit filename="src/audio/plugins/formats/juce_DirectXPluginFormat.h" />
		<Unit filename="src/audio/plugins/formats/juce_LADSPAPluginFormat.h" />
		<Unit filename="src/audio/plugins/formats/juce_VSTMidiEventList.h" />
		<Unit filename="src/audio/plugins/formats/juce_VSTPluginFormat.cpp" />
		<Unit filename="src/audio/plugins/formats/juce_VSTPluginFormat.h" />
		<Unit filename="src/audio/plugins/juce_AudioPluginFormat.cpp" />
		<Unit filename="src/audio/plugins/juce_AudioPluginFormat.h" />
		<Unit filename="src/audio/plugins/juce_AudioPluginFormatManager.cpp" />
		<Unit filename="src/audio/plugins/juce_AudioPluginFormatManager.h" />
		<Unit filename="src/audio/plugins/juce_AudioPluginInstance.cpp" />
		<Unit filename="src/audio/plugins/juce_AudioPluginInstance.h" />
		<Unit filename="src/audio/plugins/juce_KnownPluginList.cpp" />
		<Unit filename="src/audio/plugins/juce_KnownPluginList.h" />
		<Unit filename="src/audio/plugins/juce_PluginDescription.cpp" />
		<Unit filename="src/audio/plugins/juce_PluginDescription.h" />
		<Unit filename="src/audio/plugins/juce_PluginDirectoryScanner.cpp" />
		<Unit filename="src/audio/plugins/juce_PluginDirectoryScanner.h" />
		<Unit filename="src/audio/plugins/juce_PluginListComponent.cpp" />
		<Unit filename="src/audio/plugins/juce_PluginListComponent.h" />
		<Unit filename="src/audio/processors/juce_AudioPlayHead.h" />
		<Unit filename="src/audio/processors/juce_AudioProcessor.cpp" />
		<Unit filename="src/audio/processors/juce_AudioProcessor.h" />
		<Unit filename="src/audio/processors/juce_AudioProcessorEditor.cpp" />
		<Unit filename="src/audio/processors/juce_AudioProcessorEditor.h" />
		<Unit filename="src/audio/processors/juce_AudioProcessorGraph.cpp" />
		<Unit filename="src/audio/processors/juce_AudioProcessorGraph.h" />
		<Unit filename="src/audio/processors/juce_AudioProcessorListener.h" />
		<Unit filename="src/audio/processors/juce_AudioProcessorPlayer.cpp" />
		<Unit filename="src/audio/processors/juce_AudioProcessorPlayer.h" />
		<Unit filename="src/audio/processors/juce_GenericAudioProcessorEditor.cpp" />
		<Unit filename="src/audio/processors/juce_GenericAudioProcessorEditor.h" />
		<Unit filename="src/audio/synthesisers/juce_Sampler.cpp" />
		<Unit filename="src/audio/synthesisers/juce_Sampler.h" />
		<Unit filename="src/audio/synthesisers/juce_Synthesiser.cpp" />
		<Unit filename="src/audio/synthesisers/juce_Synthesiser.h" />
		<Unit filename="src/containers/juce_AbstractFifo.cpp" />
		<Unit filename="src/containers/juce_AbstractFifo.h" />
		<Unit filename="src/containers/juce_Array.h" />
		<Unit filename="src/containers/juce_ArrayAllocationBase.h" />
		<Unit filename="src/containers/juce_DynamicObject.cpp" />
		<Unit filename="src/containers/juce_DynamicObject.h" />
		<Unit filename="src/containers/juce_ElementComparator.h" />
		<Unit filename="src/containers/juce_NamedValueSet.cpp" />
		<Unit filename="src/containers/juce_NamedValueSet.h" />
		<Unit filename="src/containers/juce_OwnedArray.h" />
		<Unit filename="src/containers/juce_PropertySet.cpp" />
		<Unit filename="src/containers/juce_PropertySet.h" />
		<Unit filename="src/containers/juce_ReferenceCountedArray.h" />
		<Unit filename="src/containers/juce_SortedSet.h" />
		<Unit filename="src/containers/juce_SparseSet.h" />
		<Unit filename="src/containers/juce_Value.cpp" />
		<Unit filename="src/containers/juce_Value.h" />
		<Unit filename="src/containers/juce_ValueTree.cpp" />
		<Unit filename="src/containers/juce_ValueTree.h" />
		<Unit filename="src/containers/juce_Variant.cpp" />
		<Unit filename="src/containers/juce_Variant.h" />
		<Unit filename="src/core/juce_FileLogger.cpp" />
		<Unit filename="src/core/juce_FileLogger.h" />
		<Unit filename="src/core/juce_Initialisation.cpp" />
		<Unit filename="src/core/juce_Initialisation.h" />
		<Unit filename="src/core/juce_Logger.cpp" />
		<Unit filename="src/core/juce_Logger.h" />
		<Unit filename="src/core/juce_PerformanceCounter.cpp" />
		<Unit filename="src/core/juce_PerformanceCounter.h" />
		<Unit filename="src/core/juce_PlatformDefs.h" />
		<Unit filename="src/core/juce_PlatformUtilities.h" />
		<Unit filename="src/core/juce_RelativeTime.cpp" />
		<Unit filename="src/core/juce_RelativeTime.h" />
		<Unit filename="src/core/juce_Singleton.h" />
		<Unit filename="src/core/juce_StandardHeader.h" />
		<Unit filename="src/core/juce_SystemStats.cpp" />
		<Unit filename="src/core/juce_SystemStats.h" />
		<Unit filename="src/core/juce_TargetPlatform.h" />
		<Unit filename="src/core/juce_Time.cpp" />
		<Unit filename="src/core/juce_Time.h" />
		<Unit filename="src/core/juce_Uuid.cpp" />
		<Unit filename="src/core/juce_Uuid.h" />
		<Unit filename="src/cryptography/juce_BlowFish.cpp" />
		<Unit filename="src/cryptography/juce_BlowFish.h" />
		<Unit filename="src/cryptography/juce_MD5.cpp" />
		<Unit filename="src/cryptography/juce_MD5.h" />
		<Unit filename="src/cryptography/juce_Primes.cpp" />
		<Unit filename="src/cryptography/juce_Primes.h" />
		<Unit filename="src/cryptography/juce_RSAKey.cpp" />
		<Unit filename="src/cryptography/juce_RSAKey.h" />
		<Unit filename="src/events/juce_ActionBroadcaster.cpp" />
		<Unit filename="src/events/juce_ActionBroadcaster.h" />
		<Unit filename="src/events/juce_ActionListener.h" />
		<Unit filename="src/events/juce_AsyncUpdater.cpp" />
		<Unit filename="src/events/juce_AsyncUpdater.h" />
		<Unit filename="src/events/juce_CallbackMessage.h" />
		<Unit filename="src/events/juce_ChangeBroadcaster.cpp" />
		<Unit filename="src/events/juce_ChangeBroadcaster.h" />
		<Unit filename="src/events/juce_ChangeListener.h" />
		<Unit filename="src/events/juce_InterprocessConnection.cpp" />
		<Unit filename="src/events/juce_InterprocessConnection.h" />
		<Unit filename="src/events/juce_InterprocessConnectionServer.cpp" />
		<Unit filename="src/events/juce_InterprocessConnectionServer.h" />
		<Unit filename="src/events/juce_ListenerList.h" />
		<Unit filename="src/events/juce_Message.cpp" />
		<Unit filename="src/events/juce_Message.h" />
		<Unit filename="src/events/juce_MessageListener.cpp" />
		<Unit filename="src/events/juce_MessageListener.h" />
		<Unit filename="src/events/juce_MessageManager.cpp" />
		<Unit filename="src/events/juce_MessageManager.h" />
		<Unit filename="src/events/juce_MultiTimer.cpp" />
		<Unit filename="src/events/juce_MultiTimer.h" />
		<Unit filename="src/events/juce_Timer.cpp" />
		<Unit filename="src/events/juce_Timer.h" />
		<Unit filename="src/gui/components/buttons/juce_ArrowButton.cpp" />
		<Unit filename="src/gui/components/buttons/juce_ArrowButton.h" />
		<Unit filename="src/gui/components/buttons/juce_Button.cpp" />
		<Unit filename="src/gui/components/buttons/juce_Button.h" />
		<Unit filename="src/gui/components/buttons/juce_DrawableButton.cpp" />
		<Unit filename="src/gui/components/buttons/juce_DrawableButton.h" />
		<Unit filename="src/gui/components/buttons/juce_HyperlinkButton.cpp" />
		<Unit filename="src/gui/components/buttons/juce_HyperlinkButton.h" />
		<Unit filename="src/gui/components/buttons/juce_ImageButton.cpp" />
		<Unit filename="src/gui/components/buttons/juce_ImageButton.h" />
		<Unit filename="src/gui/components/buttons/juce_ShapeButton.cpp" />
		<Unit filename="src/gui/components/buttons/juce_ShapeButton.h" />
		<Unit filename="src/gui/components/buttons/juce_TextButton.cpp" />
		<Unit filename="src/gui/components/buttons/juce_TextButton.h" />
		<Unit filename="src/gui/components/buttons/juce_ToggleButton.cpp" />
		<Unit filename="src/gui/components/buttons/juce_ToggleButton.h" />
		<Unit filename="src/gui/components/buttons/juce_ToolbarButton.cpp" />
		<Unit filename="src/gui/components/buttons/juce_ToolbarButton.h" />
		<Unit filename="src/gui/components/code_editor/juce_CPlusPlusCodeTokeniser.cpp" />
		<Unit filename="src/gui/components/code_editor/juce_CPlusPlusCodeTokeniser.h" />
		<Unit filename="src/gui/components/code_editor/juce_CodeDocument.cpp" />
		<Unit filename="src/gui/components/code_editor/juce_CodeDocument.h" />
		<Unit filename="src/gui/components/code_editor/juce_CodeEditorComponent.cpp" />
		<Unit filename="src/gui/components/code_editor/juce_CodeEditorComponent.h" />
		<Unit filename="src/gui/components/code_editor/juce_CodeTokeniser.h" />
		<Unit filename="src/gui/components/controls/juce_ComboBox.cpp" />
		<Unit filename="src/gui/components/controls/juce_ComboBox.h" />
		<Unit filename="src/gui/components/controls/juce_Label.cpp" />
		<Unit filename="src/gui/components/controls/juce_Label.h" />
		<Unit filename="src/gui/components/controls/juce_ListBox.cpp" />
		<Unit filename="src/gui/components/controls/juce_ListBox.h" />
		<Unit filename="src/gui/components/controls/juce_ProgressBar.cpp" />
		<Unit filename="src/gui/components/controls/juce_ProgressBar.h" />
		<Unit filename="src/gui/components/controls/juce_Slider.cpp" />
		<Unit filename="src/gui/components/controls/juce_Slider.h" />
		<Unit filename="src/gui/components/controls/juce_TableHeaderComponent.cpp" />
		<Unit filename="src/gui/components/controls/juce_TableHeaderComponent.h" />
		<Unit filename="src/gui/components/controls/juce_TableListBox.cpp" />
		<Unit filename="src/gui/components/controls/juce_TableListBox.h" />
		<Unit filename="src/gui/components/controls/juce_TextEditor.cpp" />
		<Unit filename="src/gui/components/controls/juce_TextEditor.h" />
		<Unit filename="src/gui/components/controls/juce_Toolbar.cpp" />
		<Unit filename="src/gui/components/controls/juce_Toolbar.h" />
		<Unit filename="src/gui/components/controls/juce_ToolbarItemComponent.cpp" />
		<Unit filename="src/gui/components/controls/juce_ToolbarItemComponent.h" />
		<Unit filename="src/gui/components/controls/juce_ToolbarItemFactory.h" />
		<Unit filename="src/gui/components/controls/juce_ToolbarItemPalette.cpp" />
		<Unit filename="src/gui/components/controls/juce_ToolbarItemPalette.h" />
		<Unit filename="src/gui/components/controls/juce_TreeView.cpp" />
		<Unit filename="src/gui/components/controls/juce_TreeView.h" />
		<Unit filename="src/gui/components/filebrowser/juce_DirectoryContentsDisplayComponent.cpp" />
		<Unit filename="src/gui/components/filebrowser/juce_DirectoryContentsDisplayComponent.h" />
		<Unit filename="src/gui/components/filebrowser/juce_DirectoryContentsList.cpp" />
		<Unit filename="src/gui/components/filebrowser/juce_DirectoryContentsList.h" />
		<Unit filename="src/gui/components/filebrowser/juce_FileBrowserComponent.cpp" />
		<Unit filename="src/gui/components/filebrowser/juce_FileBrowserComponent.h" />
		<Unit filename="src/gui/components/filebrowser/juce_FileBrowserListener.h" />
		<Unit filename="src/gui/components/filebrowser/juce_FileChooser.cpp" />
		<Unit filename="src/gui/components/filebrowser/juce_FileChooser.h" />
		<Unit filename="src/gui/components/filebrowser/juce_FileChooserDialogBox.cpp" />
		<Unit filename="src/gui/components/filebrowser/juce_FileChooserDialogBox.h" />
		<Unit filename="src/gui/components/filebrowser/juce_FileFilter.cpp" />
		<Unit filename="src/gui/components/filebrowser/juce_FileFilter.h" />
		<Unit filename="src/gui/components/filebrowser/juce_FileListComponent.cpp" />
		<Unit filename="src/gui/components/filebrowser/juce_FileListComponent.h" />
		<Unit filename="src/gui/components/filebrowser/juce_FilePreviewComponent.h" />
		<Unit filename="src/gui/components/filebrowser/juce_FileSearchPathListComponent.cpp" />
		<Unit filename="src/gui/components/filebrowser/juce_FileSearchPathListComponent.h" />
		<Unit filename="src/gui/components/filebrowser/juce_FileTreeComponent.cpp" />
		<Unit filename="src/gui/components/filebrowser/juce_FileTreeComponent.h" />
		<Unit filename="src/gui/components/filebrowser/juce_FilenameComponent.cpp" />
		<Unit filename="src/gui/components/filebrowser/juce_FilenameComponent.h" />
		<Unit filename="src/gui/components/filebrowser/juce_ImagePreviewComponent.cpp" />
		<Unit filename="src/gui/components/filebrowser/juce_ImagePreviewComponent.h" />
		<Unit filename="src/gui/components/filebrowser/juce_WildcardFileFilter.cpp" />
		<Unit filename="src/gui/components/filebrowser/juce_WildcardFileFilter.h" />
		<Unit filename="src/gui/components/juce_Component.cpp" />
		<Unit filename="src/gui/components/juce_Component.h" />
		<Unit filename="src/gui/components/juce_ComponentListener.cpp" />
		<Unit filename="src/gui/components/juce_ComponentListener.h" />
		<Unit filename="src/gui/components/juce_Desktop.cpp" />
		<Unit filename="src/gui/components/juce_Desktop.h" />
		<Unit filename="src/gui/components/juce_ModalComponentManager.cpp" />
		<Unit filename="src/gui/components/juce_ModalComponentManager.h" />
		<Unit filename="src/gui/components/keyboard/juce_KeyListener.cpp" />
		<Unit filename="src/gui/components/keyboard/juce_KeyListener.h" />
		<Unit filename="src/gui/components/keyboard/juce_KeyMappingEditorComponent.cpp" />
		<Unit filename="src/gui/components/keyboard/juce_KeyMappingEditorComponent.h" />
		<Unit filename="src/gui/components/keyboard/juce_KeyPress.cpp" />
		<Unit filename="src/gui/components/keyboard/juce_KeyPress.h" />
		<Unit filename="src/gui/components/keyboard/juce_KeyPressMappingSet.cpp" />
		<Unit filename="src/gui/components/keyboard/juce_KeyPressMappingSet.h" />
		<Unit filename="src/gui/components/keyboard/juce_KeyboardFocusTraverser.cpp" />
		<Unit filename="src/gui/components/keyboard/juce_KeyboardFocusTraverser.h" />
		<Unit filename="src/gui/components/keyboard/juce_ModifierKeys.cpp" />
		<Unit filename="src/gui/components/keyboard/juce_ModifierKeys.h" />
		<Unit filename="src/gui/components/keyboard/juce_TextInputTarget.h" />
		<Unit filename="src/gui/components/layout/juce_ComponentAnimator.cpp" />
		<Unit filename="src/gui/components/layout/juce_ComponentAnimator.h" />
		<Unit filename="src/gui/components/layout/juce_ComponentBoundsConstrainer.cpp" />
		<Unit filename="src/gui/components/layout/juce_ComponentBoundsConstrainer.h" />
		<Unit filename="src/gui/components/layout/juce_ComponentMovementWatcher.cpp" />
		<Unit filename="src/gui/components/layout/juce_ComponentMovementWatcher.h" />
		<Unit filename="src/gui/components/layout/juce_GroupComponent.cpp" />
		<Unit filename="src/gui/components/layout/juce_GroupComponent.h" />
		<Unit filename="src/gui/components/layout/juce_MultiDocumentPanel.cpp" />
		<Unit filename="src/gui/components/layout/juce_MultiDocumentPanel.h" />
		<Unit filename="src/gui/components/layout/juce_ResizableBorderComponent.cpp" />
		<Unit filename="src/gui/components/layout/juce_ResizableBorderComponent.h" />
		<Unit filename="src/gui/components/layout/juce_ResizableCornerComponent.cpp" />
		<Unit filename="src/gui/components/layout/juce_ResizableCornerComponent.h" />
		<Unit filename="src/gui/components/layout/juce_ScrollBar.cpp" />
		<Unit filename="src/gui/components/layout/juce_ScrollBar.h" />
		<Unit filename="src/gui/components/layout/juce_StretchableLayoutManager.cpp" />
		<Unit filename="src/gui/components/layout/juce_StretchableLayoutManager.h" />
		<Unit filename="src/gui/components/layout/juce_StretchableLayoutResizerBar.cpp" />
		<Unit filename="src/gui/components/layout/juce_StretchableLayoutResizerBar.h" />
		<Unit filename="src/gui/components/layout/juce_StretchableObjectResizer.cpp" />
		<Unit filename="src/gui/components/layout/juce_StretchableObjectResizer.h" />
		<Unit filename="src/gui/components/layout/juce_TabbedButtonBar.cpp" />
		<Unit filename="src/gui/components/layout/juce_TabbedButtonBar.h" />
		<Unit filename="src/gui/components/layout/juce_TabbedComponent.cpp" />
		<Unit filename="src/gui/components/layout/juce_TabbedComponent.h" />
		<Unit filename="src/gui/components/layout/juce_Viewport.cpp" />
		<Unit filename="src/gui/components/layout/juce_Viewport.h" />
		<Unit filename="src/gui/components/lookandfeel/juce_LookAndFeel.cpp" />
		<Unit filename="src/gui/components/lookandfeel/juce_LookAndFeel.h" />
		<Unit filename="src/gui/components/lookandfeel/juce_OldSchoolLookAndFeel.cpp" />
		<Unit filename="src/gui/components/lookandfeel/juce_OldSchoolLookAndFeel.h" />
		<Unit filename="src/gui/components/menus/juce_MenuBarComponent.cpp" />
		<Unit filename="src/gui/components/menus/juce_MenuBarComponent.h" />
		<Unit filename="src/gui/components/menus/juce_MenuBarModel.cpp" />
		<Unit filename="src/gui/components/menus/juce_MenuBarModel.h" />
		<Unit filename="src/gui/components/menus/juce_PopupMenu.cpp" />
		<Unit filename="src/gui/components/menus/juce_PopupMenu.h" />
		<Unit filename="src/gui/components/menus/juce_PopupMenuCustomComponent.h" />
		<Unit filename="src/gui/components/mouse/juce_ComponentDragger.cpp" />
		<Unit filename="src/gui/components/mouse/juce_ComponentDragger.h" />
		<Unit filename="src/gui/components/mouse/juce_DragAndDropContainer.cpp" />
		<Unit filename="src/gui/components/mouse/juce_DragAndDropContainer.h" />
		<Unit filename="src/gui/components/mouse/juce_DragAndDropTarget.h" />
		<Unit filename="src/gui/components/mouse/juce_FileDragAndDropTarget.h" />
		<Unit filename="src/gui/components/mouse/juce_LassoComponent.h" />
		<Unit filename="src/gui/components/mouse/juce_MouseCursor.cpp" />
		<Unit filename="src/gui/components/mouse/juce_MouseCursor.h" />
		<Unit filename="src/gui/components/mouse/juce_MouseEvent.cpp" />
		<Unit filename="src/gui/components/mouse/juce_MouseEvent.h" />
		<Unit filename="src/gui/components/mouse/juce_MouseHoverDetector.cpp" />
		<Unit filename="src/gui/components/mouse/juce_MouseHoverDetector.h" />
		<Unit filename="src/gui/components/mouse/juce_MouseInputSource.cpp" />
		<Unit filename="src/gui/components/mouse/juce_MouseInputSource.h" />
		<Unit filename="src/gui/components/mouse/juce_MouseListener.cpp" />
		<Unit filename="src/gui/components/mouse/juce_MouseListener.h" />
		<Unit filename="src/gui/components/mouse/juce_TooltipClient.h" />
		<Unit filename="src/gui/components/properties/juce_BooleanPropertyComponent.cpp" />
		<Unit filename="src/gui/components/properties/juce_BooleanPropertyComponent.h" />
		<Unit filename="src/gui/components/properties/juce_ButtonPropertyComponent.cpp" />
		<Unit filename="src/gui/components/properties/juce_ButtonPropertyComponent.h" />
		<Unit filename="src/gui/components/properties/juce_ChoicePropertyComponent.cpp" />
		<Unit filename="src/gui/components/properties/juce_ChoicePropertyComponent.h" />
		<Unit filename="src/gui/components/properties/juce_PropertyComponent.cpp" />
		<Unit filename="src/gui/components/properties/juce_PropertyComponent.h" />
		<Unit filename="src/gui/components/properties/juce_PropertyPanel.cpp" />
		<Unit filename="src/gui/components/properties/juce_PropertyPanel.h" />
		<Unit filename="src/gui/components/properties/juce_SliderPropertyComponent.cpp" />
		<Unit filename="src/gui/components/properties/juce_SliderPropertyComponent.h" />
		<Unit filename="src/gui/components/properties/juce_TextPropertyComponent.cpp" />
		<Unit filename="src/gui/components/properties/juce_TextPropertyComponent.h" />
		<Unit filename="src/gui/components/special/juce_ActiveXControlComponent.h" />
		<Unit filename="src/gui/components/special/juce_AudioDeviceSelectorComponent.cpp" />
		<Unit filename="src/gui/components/special/juce_AudioDeviceSelectorComponent.h" />
		<Unit filename="src/gui/components/special/juce_BubbleComponent.cpp" />
		<Unit filename="src/gui/components/special/juce_BubbleComponent.h" />
		<Unit filename="src/gui/components/special/juce_BubbleMessageComponent.cpp" />
		<Unit filename="src/gui/components/special/juce_BubbleMessageComponent.h" />
		<Unit filename="src/gui/components/special/juce_ColourSelector.cpp" />
		<Unit filename="src/gui/components/special/juce_ColourSelector.h" />
		<Unit filename="src/gui/components/special/juce_DropShadower.cpp" />
		<Unit filename="src/gui/components/special/juce_DropShadower.h" />
		<Unit filename="src/gui/components/special/juce_MagnifierComponent.cpp" />
		<Unit filename="src/gui/components/special/juce_MagnifierComponent.h" />
		<Unit filename="src/gui/components/special/juce_MidiKeyboardComponent.cpp" />
		<Unit filename="src/gui/components/special/juce_MidiKeyboardComponent.h" />
		<Unit filename="src/gui/components/special/juce_NSViewComponent.h" />
		<Unit filename="src/gui/components/special/juce_OpenGLComponent.cpp" />
		<Unit filename="src/gui/components/special/juce_OpenGLComponent.h" />
		<Unit filename="src/gui/components/special/juce_PreferencesPanel.cpp" />
		<Unit filename="src/gui/components/special/juce_PreferencesPanel.h" />
		<Unit filename="src/gui/components/special/juce_QuickTimeMovieComponent.h" />
		<Unit filename="src/gui/components/special/juce_SystemTrayIconComponent.cpp" />
		<Unit filename="src/gui/components/special/juce_SystemTrayIconComponent.h" />
		<Unit filename="src/gui/components/special/juce_WebBrowserComponent.h" />
		<Unit filename="src/gui/components/windows/juce_AlertWindow.cpp" />
		<Unit filename="src/gui/components/windows/juce_AlertWindow.h" />
		<Unit filename="src/gui/components/windows/juce_CallOutBox.cpp" />
		<Unit filename="src/gui/components/windows/juce_CallOutBox.h" />
		<Unit filename="src/gui/components/windows/juce_ComponentPeer.cpp" />
		<Unit filename="src/gui/components/windows/juce_ComponentPeer.h" />
		<Unit filename="src/gui/components/windows/juce_DialogWindow.cpp" />
		<Unit filename="src/gui/components/windows/juce_DialogWindow.h" />
		<Unit filename="src/gui/components/windows/juce_DocumentWindow.cpp" />
		<Unit filename="src/gui/components/windows/juce_DocumentWindow.h" />
		<Unit filename="src/gui/components/windows/juce_ResizableWindow.cpp" />
		<Unit filename="src/gui/components/windows/juce_ResizableWindow.h" />
		<Unit filename="src/gui/components/windows/juce_SplashScreen.cpp" />
		<Unit filename="src/gui/components/windows/juce_SplashScreen.h" />
		<Unit filename="src/gui/components/windows/juce_ThreadWithProgressWindow.cpp" />
		<Unit filename="src/gui/components/windows/juce_ThreadWithProgressWindow.h" />
		<Unit filename="src/gui/components/windows/juce_TooltipWindow.cpp" />
		<Unit filename="src/gui/components/windows/juce_TooltipWindow.h" />
		<Unit filename="src/gui/components/windows/juce_TopLevelWindow.cpp" />
		<Unit filename="src/gui/components/windows/juce_TopLevelWindow.h" />
		<Unit filename="src/gui/graphics/colour/juce_Colour.cpp" />
		<Unit filename="src/gui/graphics/colour/juce_Colour.h" />
		<Unit filename="src/gui/graphics/colour/juce_ColourGradient.cpp" />
		<Unit filename="src/gui/graphics/colour/juce_ColourGradient.h" />
		<Unit filename="src/gui/graphics/colour/juce_Colours.cpp" />
		<Unit filename="src/gui/graphics/colour/juce_Colours.h" />
		<Unit filename="src/gui/graphics/colour/juce_PixelFormats.h" />
		<Unit filename="src/gui/graphics/contexts/juce_EdgeTable.cpp" />
		<Unit filename="src/gui/graphics/contexts/juce_EdgeTable.h" />
		<Unit filename="src/gui/graphics/contexts/juce_FillType.cpp" />
		<Unit filename="src/gui/graphics/contexts/juce_FillType.h" />
		<Unit filename="src/gui/graphics/contexts/juce_Graphics.cpp" />
		<Unit filename="src/gui/graphics/contexts/juce_Graphics.h" />
		<Unit filename="src/gui/graphics/contexts/juce_Justification.cpp" />
		<Unit filename="src/gui/graphics/contexts/juce_Justification.h" />
		<Unit filename="src/gui/graphics/contexts/juce_LowLevelGraphicsContext.h" />
		<Unit filename="src/gui/graphics/contexts/juce_LowLevelGraphicsPostScriptRenderer.cpp" />
		<Unit filename="src/gui/graphics/contexts/juce_LowLevelGraphicsPostScriptRenderer.h" />
		<Unit filename="src/gui/graphics/contexts/juce_LowLevelGraphicsSoftwareRenderer.cpp" />
		<Unit filename="src/gui/graphics/contexts/juce_LowLevelGraphicsSoftwareRenderer.h" />
		<Unit filename="src/gui/graphics/contexts/juce_RectanglePlacement.cpp" />
		<Unit filename="src/gui/graphics/contexts/juce_RectanglePlacement.h" />
		<Unit filename="src/gui/graphics/drawables/juce_Drawable.cpp" />
		<Unit filename="src/gui/graphics/drawables/juce_Drawable.h" />
		<Unit filename="src/gui/graphics/drawables/juce_DrawableComposite.cpp" />
		<Unit filename="src/gui/graphics/drawables/juce_DrawableComposite.h" />
		<Unit filename="src/gui/graphics/drawables/juce_DrawableImage.cpp" />
		<Unit filename="src/gui/graphics/drawables/juce_DrawableImage.h" />
		<Unit filename="src/gui/graphics/drawables/juce_DrawablePath.cpp" />
		<Unit filename="src/gui/graphics/drawables/juce_DrawablePath.h" />
		<Unit filename="src/gui/graphics/drawables/juce_DrawableRectangle.cpp" />
		<Unit filename="src/gui/graphics/drawables/juce_DrawableRectangle.h" />
		<Unit filename="src/gui/graphics/drawables/juce_DrawableShape.cpp" />
		<Unit filename="src/gui/graphics/drawables/juce_DrawableShape.h" />
		<Unit filename="src/gui/graphics/drawables/juce_DrawableText.cpp" />
		<Unit filename="src/gui/graphics/drawables/juce_DrawableText.h" />
		<Unit filename="src/gui/graphics/drawables/juce_SVGParser.cpp" />
		<Unit filename="src/gui/graphics/effects/juce_DropShadowEffect.cpp" />
		<Unit filename="src/gui/graphics/effects/juce_DropShadowEffect.h" />
		<Unit filename="src/gui/graphics/effects/juce_GlowEffect.cpp" />
		<Unit filename="src/gui/graphics/effects/juce_GlowEffect.h" />
		<Unit filename="src/gui/graphics/effects/juce_ImageEffectFilter.h" />
		<Unit filename="src/gui/graphics/fonts/juce_Font.cpp" />
		<Unit filename="src/gui/graphics/fonts/juce_Font.h" />
		<Unit filename="src/gui/graphics/fonts/juce_GlyphArrangement.cpp" />
		<Unit filename="src/gui/graphics/fonts/juce_GlyphArrangement.h" />
		<Unit filename="src/gui/graphics/fonts/juce_TextLayout.cpp" />
		<Unit filename="src/gui/graphics/fonts/juce_TextLayout.h" />
		<Unit filename="src/gui/graphics/fonts/juce_Typeface.cpp" />
		<Unit filename="src/gui/graphics/fonts/juce_Typeface.h" />
		<Unit filename="src/gui/graphics/geometry/juce_AffineTransform.cpp" />
		<Unit filename="src/gui/graphics/geometry/juce_AffineTransform.h" />
		<Unit filename="src/gui/graphics/geometry/juce_BorderSize.cpp" />
		<Unit filename="src/gui/graphics/geometry/juce_BorderSize.h" />
		<Unit filename="src/gui/graphics/geometry/juce_Line.h" />
		<Unit filename="src/gui/graphics/geometry/juce_Path.cpp" />
		<Unit filename="src/gui/graphics/geometry/juce_Path.h" />
		<Unit filename="src/gui/graphics/geometry/juce_PathIterator.cpp" />
		<Unit filename="src/gui/graphics/geometry/juce_PathIterator.h" />
		<Unit filename="src/gui/graphics/geometry/juce_PathStrokeType.cpp" />
		<Unit filename="src/gui/graphics/geometry/juce_PathStrokeType.h" />
		<Unit filename="src/gui/graphics/geometry/juce_Point.h" />
		<Unit filename="src/gui/graphics/geometry/juce_PositionedRectangle.cpp" />
		<Unit filename="src/gui/graphics/geometry/juce_PositionedRectangle.h" />
		<Unit filename="src/gui/graphics/geometry/juce_Rectangle.h" />
		<Unit filename="src/gui/graphics/geometry/juce_RectangleList.cpp" />
		<Unit filename="src/gui/graphics/geometry/juce_RectangleList.h" />
		<Unit filename="src/gui/graphics/geometry/juce_RelativeCoordinate.cpp" />
		<Unit filename="src/gui/graphics/geometry/juce_RelativeCoordinate.h" />
		<Unit filename="src/gui/graphics/imaging/image_file_formats/jpglib/cderror.h" />
		<Unit filename="src/gui/graphics/imaging/image_file_formats/jpglib/jcapimin.c">
			<Option compilerVar="CC" />
		</Unit>
		<Unit filename="src/gui/graphics/imaging/image_file_formats/jpglib/jcapistd.c">
			<Option compilerVar="CC" />
		</Unit>
		<Unit filename="src/gui/graphics/imaging/image_file_formats/jpglib/jccoefct.c">
			<Option compilerVar="CC" />
		</Unit>
		<Unit filename="src/gui/graphics/imaging/image_file_formats/jpglib/jccolor.c">
			<Option compilerVar="CC" />
		</Unit>
		<Unit filename="src/gui/graphics/imaging/image_file_formats/jpglib/jcdctmgr.c">
			<Option compilerVar="CC" />
		</Unit>
		<Unit filename="src/gui/graphics/imaging/image_file_formats/jpglib/jchuff.c">
			<Option compilerVar="CC" />
		</Unit>
		<Unit filename="src/gui/graphics/imaging/image_file_formats/jpglib/jchuff.h" />
		<Unit filename="src/gui/graphics/imaging/image_file_formats/jpglib/jcinit.c">
			<Option compilerVar="CC" />
		</Unit>
		<Unit filename="src/gui/graphics/imaging/image_file_formats/jpglib/jcmainct.c">
			<Option compilerVar="CC" />
		</Unit>
		<Unit filename="src/gui/graphics/imaging/image_file_formats/jpglib/jcmarker.c">
			<Option compilerVar="CC" />
		</Unit>
		<Unit filename="src/gui/graphics/imaging/image_file_formats/jpglib/jcmaster.c">
			<Option compilerVar="CC" />
		</Unit>
		<Unit filename="src/gui/graphics/imaging/image_file_formats/jpglib/jcomapi.c">
			<Option compilerVar="CC" />
		</Unit>
		<Unit filename="src/gui/graphics/imaging/image_file_formats/jpglib/jconfig.h" />
		<Unit filename="src/gui/graphics/imaging/image_file_formats/jpglib/jcparam.c">
			<Option compilerVar="CC" />
		</Unit>
		<Unit filename="src/gui/graphics/imaging/image_file_formats/jpglib/jcphuff.c">
			<Option compilerVar="CC" />
		</Unit>
		<Unit filename="src/gui/graphics/imaging/image_file_formats/jpglib/jcprepct.c">
			<Option compilerVar="CC" />
		</Unit>
		<Unit filename="src/gui/graphics/imaging/image_file_formats/jpglib/jcsample.c">
			<Option compilerVar="CC" />
		</Unit>
		<Unit filename="src/gui/graphics/imaging/image_file_formats/jpglib/jctrans.c">
			<Option compilerVar="CC" />
		</Unit>
		<Unit filename="src/gui/graphics/imaging/image_file_formats/jpglib/jdapimin.c">
			<Option compilerVar="CC" />
		</Unit>
		<Unit filename="src/gui/graphics/imaging/image_file_formats/jpglib/jdapistd.c">
			<Option compilerVar="CC" />
		</Unit>
		<Unit filename="src/gui/graphics/imaging/image_file_formats/jpglib/jdatasrc.c">
			<Option compilerVar="CC" />
		</Unit>
		<Unit filename="src/gui/graphics/imaging/image_file_formats/jpglib/jdcoefct.c">
			<Option compilerVar="CC" />
		</Unit>
		<Unit filename="src/gui/graphics/imaging/image_file_formats/jpglib/jdcolor.c">
			<Option compilerVar="CC" />
		</Unit>
		<Unit filename="src/gui/graphics/imaging/image_file_formats/jpglib/jdct.h" />
		<Unit filename="src/gui/graphics/imaging/image_file_formats/jpglib/jddctmgr.c">
			<Option compilerVar="CC" />
		</Unit>
		<Unit filename="src/gui/graphics/imaging/image_file_formats/jpglib/jdhuff.c">
			<Option compilerVar="CC" />
		</Unit>
		<Unit filename="src/gui/graphics/imaging/image_file_formats/jpglib/jdhuff.h" />
		<Unit filename="src/gui/graphics/imaging/image_file_formats/jpglib/jdinput.c">
			<Option compilerVar="CC" />
		</Unit>
		<Unit filename="src/gui/graphics/imaging/image_file_formats/jpglib/jdmainct.c">
			<Option compilerVar="CC" />
		</Unit>
		<Unit filename="src/gui/graphics/imaging/image_file_formats/jpglib/jdmarker.c">
			<Option compilerVar="CC" />
		</Unit>
		<Unit filename="src/gui/graphics/imaging/image_file_formats/jpglib/jdmaster.c">
			<Option compilerVar="CC" />
		</Unit>
		<Unit filename="src/gui/graphics/imaging/image_file_formats/jpglib/jdmerge.c">
			<Option compilerVar="CC" />
		</Unit>
		<Unit filename="src/gui/graphics/imaging/image_file_formats/jpglib/jdphuff.c">
			<Option compilerVar="CC" />
		</Unit>
		<Unit filename="src/gui/graphics/imaging/image_file_formats/jpglib/jdpostct.c">
			<Option compilerVar="CC" />
		</Unit>
		<Unit filename="src/gui/graphics/imaging/image_file_formats/jpglib/jdsample.c">
			<Option compilerVar="CC" />
		</Unit>
		<Unit filename="src/gui/graphics/imaging/image_file_formats/jpglib/jdtrans.c">
			<Option compilerVar="CC" />
		</Unit>
		<Unit filename="src/gui/graphics/imaging/image_file_formats/jpglib/jerror.c">
			<Option compilerVar="CC" />
		</Unit>
		<Unit filename="src/gui/graphics/imaging/image_file_formats/jpglib/jerror.h" />
		<Unit filename="src/gui/graphics/imaging/image_file_formats/jpglib/jfdctflt.c">
			<Option compilerVar="CC" />
		</Unit>
		<Unit filename="src/gui/graphics/imaging/image_file_formats/jpglib/jfdctfst.c">
			<Option compilerVar="CC" />
		</Unit>
		<Unit filename="src/gui/graphics/imaging/image_file_formats/jpglib/jfdctint.c">
			<Option compilerVar="CC" />
		</Unit>
		<Unit filename="src/gui/graphics/imaging/image_file_formats/jpglib/jidctflt.c">
			<Option compilerVar="CC" />
		</Unit>
		<Unit filename="src/gui/graphics/imaging/image_file_formats/jpglib/jidctfst.c">
			<Option compilerVar="CC" />
		</Unit>
		<Unit filename="src/gui/graphics/imaging/image_file_formats/jpglib/jidctint.c">
			<Option compilerVar="CC" />
		</Unit>
		<Unit filename="src/gui/graphics/imaging/image_file_formats/jpglib/jidctred.c">
			<Option compilerVar="CC" />
		</Unit>
		<Unit filename="src/gui/graphics/imaging/image_file_formats/jpglib/jinclude.h" />
		<Unit filename="src/gui/graphics/imaging/image_file_formats/jpglib/jmemmgr.c">
			<Option compilerVar="CC" />
		</Unit>
		<Unit filename="src/gui/graphics/imaging/image_file_formats/jpglib/jmemnobs.c">
			<Option compilerVar="CC" />
		</Unit>
		<Unit filename="src/gui/graphics/imaging/image_file_formats/jpglib/jmemsys.h" />
		<Unit filename="src/gui/graphics/imaging/image_file_formats/jpglib/jmorecfg.h" />
		<Unit filename="src/gui/graphics/imaging/image_file_formats/jpglib/jpegint.h" />
		<Unit filename="src/gui/graphics/imaging/image_file_formats/jpglib/jpeglib.h" />
		<Unit filename="src/gui/graphics/imaging/image_file_formats/jpglib/jquant1.c">
			<Option compilerVar="CC" />
		</Unit>
		<Unit filename="src/gui/graphics/imaging/image_file_formats/jpglib/jquant2.c">
			<Option compilerVar="CC" />
		</Unit>
		<Unit filename="src/gui/graphics/imaging/image_file_formats/jpglib/jutils.c">
			<Option compilerVar="CC" />
		</Unit>
		<Unit filename="src/gui/graphics/imaging/image_file_formats/jpglib/jversion.h" />
		<Unit filename="src/gui/graphics/imaging/image_file_formats/jpglib/transupp.c">
			<Option compilerVar="CC" />
		</Unit>
		<Unit filename="src/gui/graphics/imaging/image_file_formats/jpglib/transupp.h" />
		<Unit filename="src/gui/graphics/imaging/image_file_formats/juce_GIFLoader.cpp" />
		<Unit filename="src/gui/graphics/imaging/image_file_formats/juce_JPEGLoader.cpp" />
		<Unit filename="src/gui/graphics/imaging/image_file_formats/juce_PNGLoader.cpp" />
		<Unit filename="src/gui/graphics/imaging/image_file_formats/pnglib/png.c">
			<Option compilerVar="CC" />
		</Unit>
		<Unit filename="src/gui/graphics/imaging/image_file_formats/pnglib/png.h" />
		<Unit filename="src/gui/graphics/imaging/image_file_formats/pnglib/pngconf.h" />
		<Unit filename="src/gui/graphics/imaging/image_file_formats/pnglib/pngerror.c">
			<Option compilerVar="CC" />
		</Unit>
		<Unit filename="src/gui/graphics/imaging/image_file_formats/pnglib/pngget.c">
			<Option compilerVar="CC" />
		</Unit>
		<Unit filename="src/gui/graphics/imaging/image_file_formats/pnglib/pngmem.c">
			<Option compilerVar="CC" />
		</Unit>
		<Unit filename="src/gui/graphics/imaging/image_file_formats/pnglib/pngpread.c">
			<Option compilerVar="CC" />
		</Unit>
		<Unit filename="src/gui/graphics/imaging/image_file_formats/pnglib/pngread.c">
			<Option compilerVar="CC" />
		</Unit>
		<Unit filename="src/gui/graphics/imaging/image_file_formats/pnglib/pngrio.c">
			<Option compilerVar="CC" />
		</Unit>
		<Unit filename="src/gui/graphics/imaging/image_file_formats/pnglib/pngrtran.c">
			<Option compilerVar="CC" />
		</Unit>
		<Unit filename="src/gui/graphics/imaging/image_file_formats/pnglib/pngrutil.c">
			<Option compilerVar="CC" />
		</Unit>
		<Unit filename="src/gui/graphics/imaging/image_file_formats/pnglib/pngset.c">
			<Option compilerVar="CC" />
		</Unit>
		<Unit filename="src/gui/graphics/imaging/image_file_formats/pnglib/pngtrans.c">
			<Option compilerVar="CC" />
		</Unit>
		<Unit filename="src/gui/graphics/imaging/image_file_formats/pnglib/pngwio.c">
			<Option compilerVar="CC" />
		</Unit>
		<Unit filename="src/gui/graphics/imaging/image_file_formats/pnglib/pngwrite.c">
			<Option compilerVar="CC" />
		</Unit>
		<Unit filename="src/gui/graphics/imaging/image_file_formats/pnglib/pngwtran.c">
			<Option compilerVar="CC" />
		</Unit>
		<Unit filename="src/gui/graphics/imaging/image_file_formats/pnglib/pngwutil.c">
			<Option compilerVar="CC" />
		</Unit>
		<Unit filename="src/gui/graphics/imaging/juce_CameraDevice.h" />
		<Unit filename="src/gui/graphics/imaging/juce_Image.cpp" />
		<Unit filename="src/gui/graphics/imaging/juce_Image.h" />
		<Unit filename="src/gui/graphics/imaging/juce_ImageCache.cpp" />
		<Unit filename="src/gui/graphics/imaging/juce_ImageCache.h" />
		<Unit filename="src/gui/graphics/imaging/juce_ImageConvolutionKernel.cpp" />
		<Unit filename="src/gui/graphics/imaging/juce_ImageConvolutionKernel.h" />
		<Unit filename="src/gui/graphics/imaging/juce_ImageFileFormat.cpp" />
		<Unit filename="src/gui/graphics/imaging/juce_ImageFileFormat.h" />
		<Unit filename="src/io/files/juce_DirectoryIterator.cpp" />
		<Unit filename="src/io/files/juce_DirectoryIterator.h" />
		<Unit filename="src/io/files/juce_File.cpp" />
		<Unit filename="src/io/files/juce_File.h" />
		<Unit filename="src/io/files/juce_FileInputStream.cpp" />
		<Unit filename="src/io/files/juce_FileInputStream.h" />
		<Unit filename="src/io/files/juce_FileOutputStream.cpp" />
		<Unit filename="src/io/files/juce_FileOutputStream.h" />
		<Unit filename="src/io/files/juce_FileSearchPath.cpp" />
		<Unit filename="src/io/files/juce_FileSearchPath.h" />
		<Unit filename="src/io/files/juce_NamedPipe.cpp" />
		<Unit filename="src/io/files/juce_NamedPipe.h" />
		<Unit filename="src/io/files/juce_TemporaryFile.cpp" />
		<Unit filename="src/io/files/juce_TemporaryFile.h" />
		<Unit filename="src/io/files/juce_ZipFile.cpp" />
		<Unit filename="src/io/files/juce_ZipFile.h" />
		<Unit filename="src/io/network/juce_MACAddress.cpp" />
		<Unit filename="src/io/network/juce_MACAddress.h" />
		<Unit filename="src/io/network/juce_Socket.cpp" />
		<Unit filename="src/io/network/juce_Socket.h" />
		<Unit filename="src/io/network/juce_URL.cpp" />
		<Unit filename="src/io/network/juce_URL.h" />
		<Unit filename="src/io/streams/juce_BufferedInputStream.cpp" />
		<Unit filename="src/io/streams/juce_BufferedInputStream.h" />
		<Unit filename="src/io/streams/juce_FileInputSource.cpp" />
		<Unit filename="src/io/streams/juce_FileInputSource.h" />
		<Unit filename="src/io/streams/juce_GZIPCompressorOutputStream.cpp" />
		<Unit filename="src/io/streams/juce_GZIPCompressorOutputStream.h" />
		<Unit filename="src/io/streams/juce_GZIPDecompressorInputStream.cpp" />
		<Unit filename="src/io/streams/juce_GZIPDecompressorInputStream.h" />
		<Unit filename="src/io/streams/juce_InputSource.h" />
		<Unit filename="src/io/streams/juce_InputStream.cpp" />
		<Unit filename="src/io/streams/juce_InputStream.h" />
		<Unit filename="src/io/streams/juce_MemoryInputStream.cpp" />
		<Unit filename="src/io/streams/juce_MemoryInputStream.h" />
		<Unit filename="src/io/streams/juce_MemoryOutputStream.cpp" />
		<Unit filename="src/io/streams/juce_MemoryOutputStream.h" />
		<Unit filename="src/io/streams/juce_OutputStream.cpp" />
		<Unit filename="src/io/streams/juce_OutputStream.h" />
		<Unit filename="src/io/streams/juce_SubregionStream.cpp" />
		<Unit filename="src/io/streams/juce_SubregionStream.h" />
		<Unit filename="src/io/streams/zlib/adler32.c">
			<Option compilerVar="CC" />
		</Unit>
		<Unit filename="src/io/streams/zlib/compress.c">
			<Option compilerVar="CC" />
		</Unit>
		<Unit filename="src/io/streams/zlib/crc32.c">
			<Option compilerVar="CC" />
		</Unit>
		<Unit filename="src/io/streams/zlib/crc32.h" />
		<Unit filename="src/io/streams/zlib/deflate.c">
			<Option compilerVar="CC" />
		</Unit>
		<Unit filename="src/io/streams/zlib/deflate.h" />
		<Unit filename="src/io/streams/zlib/infback.c">
			<Option compilerVar="CC" />
		</Unit>
		<Unit filename="src/io/streams/zlib/inffast.c">
			<Option compilerVar="CC" />
		</Unit>
		<Unit filename="src/io/streams/zlib/inffast.h" />
		<Unit filename="src/io/streams/zlib/inffixed.h" />
		<Unit filename="src/io/streams/zlib/inflate.c">
			<Option compilerVar="CC" />
		</Unit>
		<Unit filename="src/io/streams/zlib/inflate.h" />
		<Unit filename="src/io/streams/zlib/inftrees.c">
			<Option compilerVar="CC" />
		</Unit>
		<Unit filename="src/io/streams/zlib/inftrees.h" />
		<Unit filename="src/io/streams/zlib/trees.c">
			<Option compilerVar="CC" />
		</Unit>
		<Unit filename="src/io/streams/zlib/trees.h" />
		<Unit filename="src/io/streams/zlib/uncompr.c">
			<Option compilerVar="CC" />
		</Unit>
		<Unit filename="src/io/streams/zlib/zconf.h" />
		<Unit filename="src/io/streams/zlib/zconf.in.h" />
		<Unit filename="src/io/streams/zlib/zlib.h" />
		<Unit filename="src/io/streams/zlib/zutil.c">
			<Option compilerVar="CC" />
		</Unit>
		<Unit filename="src/io/streams/zlib/zutil.h" />
		<Unit filename="src/juce_DefineMacros.h" />
		<Unit filename="src/juce_WithoutMacros.h" />
		<Unit filename="src/juce_app_includes.h" />
		<Unit filename="src/juce_core_includes.h" />
		<Unit filename="src/maths/juce_BigInteger.cpp" />
		<Unit filename="src/maths/juce_BigInteger.h" />
		<Unit filename="src/maths/juce_Expression.cpp" />
		<Unit filename="src/maths/juce_Expression.h" />
		<Unit filename="src/maths/juce_MathsFunctions.h" />
		<Unit filename="src/maths/juce_Random.cpp" />
		<Unit filename="src/maths/juce_Random.h" />
		<Unit filename="src/maths/juce_Range.h" />
		<Unit filename="src/memory/juce_Atomic.h" />
		<Unit filename="src/memory/juce_ByteOrder.h" />
		<Unit filename="src/memory/juce_HeapBlock.h" />
		<Unit filename="src/memory/juce_LeakedObjectDetector.h" />
		<Unit filename="src/memory/juce_Memory.h" />
		<Unit filename="src/memory/juce_MemoryBlock.cpp" />
		<Unit filename="src/memory/juce_MemoryBlock.h" />
		<Unit filename="src/memory/juce_ReferenceCountedObject.h" />
		<Unit filename="src/memory/juce_ScopedPointer.h" />
		<Unit filename="src/memory/juce_WeakReference.h" />
		<Unit filename="src/native/common/juce_MidiDataConcatenator.h" />
		<Unit filename="src/native/common/juce_posix_NamedPipe.cpp" />
		<Unit filename="src/native/common/juce_posix_SharedCode.h" />
		<Unit filename="src/native/juce_linux_NativeCode.cpp" />
		<Unit filename="src/native/juce_win32_NativeCode.cpp" />
		<Unit filename="src/native/linux/juce_linux_Audio.cpp" />
		<Unit filename="src/native/linux/juce_linux_AudioCDReader.cpp" />
		<Unit filename="src/native/linux/juce_linux_Clipboard.cpp" />
		<Unit filename="src/native/linux/juce_linux_FileChooser.cpp" />
		<Unit filename="src/native/linux/juce_linux_Files.cpp" />
		<Unit filename="src/native/linux/juce_linux_Fonts.cpp" />
		<Unit filename="src/native/linux/juce_linux_JackAudio.cpp" />
		<Unit filename="src/native/linux/juce_linux_Messaging.cpp" />
		<Unit filename="src/native/linux/juce_linux_Midi.cpp" />
		<Unit filename="src/native/linux/juce_linux_NativeIncludes.h" />
		<Unit filename="src/native/linux/juce_linux_Network.cpp" />
		<Unit filename="src/native/linux/juce_linux_SystemStats.cpp" />
		<Unit filename="src/native/linux/juce_linux_Threads.cpp" />
		<Unit filename="src/native/linux/juce_linux_WebBrowserComponent.cpp" />
		<Unit filename="src/native/linux/juce_linux_Windowing.cpp" />
		<Unit filename="src/native/mac/juce_iphone_Audio.cpp" />
		<Unit filename="src/native/mac/juce_mac_CarbonViewWrapperComponent.h" />
		<Unit filename="src/native/mac/juce_mac_CoreAudio.cpp" />
		<Unit filename="src/native/mac/juce_mac_CoreMidi.cpp" />
		<Unit filename="src/native/mac/juce_mac_NativeIncludes.h" />
		<Unit filename="src/native/mac/juce_mac_ObjCSuffix.h" />
		<Unit filename="src/native/windows/juce_win32_ASIO.cpp" />
		<Unit filename="src/native/windows/juce_win32_ActiveXComponent.cpp" />
		<Unit filename="src/native/windows/juce_win32_AudioCDReader.cpp" />
		<Unit filename="src/native/windows/juce_win32_AutoLinkLibraries.h" />
		<Unit filename="src/native/windows/juce_win32_CameraDevice.cpp" />
		<Unit filename="src/native/windows/juce_win32_Direct2DGraphicsContext.cpp" />
		<Unit filename="src/native/windows/juce_win32_DirectSound.cpp" />
		<Unit filename="src/native/windows/juce_win32_DynamicLibraryLoader.cpp" />
		<Unit filename="src/native/windows/juce_win32_DynamicLibraryLoader.h" />
		<Unit filename="src/native/windows/juce_win32_FileChooser.cpp" />
		<Unit filename="src/native/windows/juce_win32_Files.cpp" />
		<Unit filename="src/native/windows/juce_win32_Fonts.cpp" />
		<Unit filename="src/native/windows/juce_win32_Messaging.cpp" />
		<Unit filename="src/native/windows/juce_win32_Midi.cpp" />
		<Unit filename="src/native/windows/juce_win32_Misc.cpp" />
		<Unit filename="src/native/windows/juce_win32_NativeIncludes.h" />
		<Unit filename="src/native/windows/juce_win32_Network.cpp" />
		<Unit filename="src/native/windows/juce_win32_OpenGLComponent.cpp" />
		<Unit filename="src/native/windows/juce_win32_PlatformUtils.cpp" />
		<Unit filename="src/native/windows/juce_win32_QuickTimeMovieComponent.cpp" />
		<Unit filename="src/native/windows/juce_win32_SystemStats.cpp" />
		<Unit filename="src/native/windows/juce_win32_Threads.cpp" />
		<Unit filename="src/native/windows/juce_win32_WASAPI.cpp" />
		<Unit filename="src/native/windows/juce_win32_WebBrowserComponent.cpp" />
		<Unit filename="src/native/windows/juce_win32_Windowing.cpp" />
		<Unit filename="src/text/juce_CharacterFunctions.cpp" />
		<Unit filename="src/text/juce_CharacterFunctions.h" />
		<Unit filename="src/text/juce_Identifier.cpp" />
		<Unit filename="src/text/juce_Identifier.h" />
		<Unit filename="src/text/juce_LocalisedStrings.cpp" />
		<Unit filename="src/text/juce_LocalisedStrings.h" />
		<Unit filename="src/text/juce_NewLine.h" />
		<Unit filename="src/text/juce_String.cpp" />
		<Unit filename="src/text/juce_String.h" />
		<Unit filename="src/text/juce_StringArray.cpp" />
		<Unit filename="src/text/juce_StringArray.h" />
		<Unit filename="src/text/juce_StringPairArray.cpp" />
		<Unit filename="src/text/juce_StringPairArray.h" />
		<Unit filename="src/text/juce_StringPool.cpp" />
		<Unit filename="src/text/juce_StringPool.h" />
		<Unit filename="src/text/juce_XmlDocument.cpp" />
		<Unit filename="src/text/juce_XmlDocument.h" />
		<Unit filename="src/text/juce_XmlElement.cpp" />
		<Unit filename="src/text/juce_XmlElement.h" />
		<Unit filename="src/threads/juce_CriticalSection.h" />
		<Unit filename="src/threads/juce_InterProcessLock.h" />
		<Unit filename="src/threads/juce_Process.h" />
		<Unit filename="src/threads/juce_ReadWriteLock.cpp" />
		<Unit filename="src/threads/juce_ReadWriteLock.h" />
		<Unit filename="src/threads/juce_ScopedLock.h" />
		<Unit filename="src/threads/juce_ScopedReadLock.h" />
		<Unit filename="src/threads/juce_ScopedTryLock.h" />
		<Unit filename="src/threads/juce_ScopedWriteLock.h" />
		<Unit filename="src/threads/juce_Thread.cpp" />
		<Unit filename="src/threads/juce_Thread.h" />
		<Unit filename="src/threads/juce_ThreadPool.cpp" />
		<Unit filename="src/threads/juce_ThreadPool.h" />
		<Unit filename="src/threads/juce_TimeSliceThread.cpp" />
		<Unit filename="src/threads/juce_TimeSliceThread.h" />
		<Unit filename="src/threads/juce_WaitableEvent.h" />
		<Unit filename="src/utilities/juce_DeletedAtShutdown.cpp" />
		<Unit filename="src/utilities/juce_DeletedAtShutdown.h" />
		<Unit filename="src/utilities/juce_FileBasedDocument.cpp" />
		<Unit filename="src/utilities/juce_FileBasedDocument.h" />
		<Unit filename="src/utilities/juce_PropertiesFile.cpp" />
		<Unit filename="src/utilities/juce_PropertiesFile.h" />
		<Unit filename="src/utilities/juce_RecentlyOpenedFilesList.cpp" />
		<Unit filename="src/utilities/juce_RecentlyOpenedFilesList.h" />
		<Unit filename="src/utilities/juce_SelectedItemSet.h" />
		<Unit filename="src/utilities/juce_SystemClipboard.h" />
		<Unit filename="src/utilities/juce_UndoManager.cpp" />
		<Unit filename="src/utilities/juce_UndoManager.h" />
		<Unit filename="src/utilities/juce_UndoableAction.h" />
		<Unit filename="src/utilities/juce_UnitTest.cpp" />
		<Unit filename="src/utilities/juce_UnitTest.h" />
		<Extensions>
			<code_completion />
			<debugger />
			<envvars />
		</Extensions>
	</Project>
</CodeBlocks_project_file>
